// !$*UTF8*$!
{
	archiveVersion = 1;
	classes = {
	};
	objectVersion = 46;
	objects = {

/* Begin PBXBuildFile section */
		2688E7591C5B0D0D007DD00A /* AppDelegate.swift in Sources */ = {isa = PBXBuildFile; fileRef = 2688E7581C5B0D0D007DD00A /* AppDelegate.swift */; };
		2688E75B1C5B0D0D007DD00A /* ViewController.swift in Sources */ = {isa = PBXBuildFile; fileRef = 2688E75A1C5B0D0D007DD00A /* ViewController.swift */; };
		2688E75E1C5B0D0D007DD00A /* Main.storyboard in Resources */ = {isa = PBXBuildFile; fileRef = 2688E75C1C5B0D0D007DD00A /* Main.storyboard */; };
		2688E7601C5B0D0D007DD00A /* Assets.xcassets in Resources */ = {isa = PBXBuildFile; fileRef = 2688E75F1C5B0D0D007DD00A /* Assets.xcassets */; };
		2688E7631C5B0D0D007DD00A /* LaunchScreen.storyboard in Resources */ = {isa = PBXBuildFile; fileRef = 2688E7611C5B0D0D007DD00A /* LaunchScreen.storyboard */; };
/* End PBXBuildFile section */

/* Begin PBXFileReference section */
		2688E7551C5B0D0D007DD00A /* DemoContainerViewDynamicLoading.app */ = {isa = PBXFileReference; explicitFileType = wrapper.application; includeInIndex = 0; path = DemoContainerViewDynamicLoading.app; sourceTree = BUILT_PRODUCTS_DIR; };
		2688E7581C5B0D0D007DD00A /* AppDelegate.swift */ = {isa = PBXFileReference; lastKnownFileType = sourcecode.swift; path = AppDelegate.swift; sourceTree = "<group>"; };
		2688E75A1C5B0D0D007DD00A /* ViewController.swift */ = {isa = PBXFileReference; lastKnownFileType = sourcecode.swift; path = ViewController.swift; sourceTree = "<group>"; };
		2688E75D1C5B0D0D007DD00A /* Base */ = {isa = PBXFileReference; lastKnownFileType = file.storyboard; name = Base; path = Base.lproj/Main.storyboard; sourceTree = "<group>"; };
		2688E75F1C5B0D0D007DD00A /* Assets.xcassets */ = {isa = PBXFileReference; lastKnownFileType = folder.assetcatalog; path = Assets.xcassets; sourceTree = "<group>"; };
		2688E7621C5B0D0D007DD00A /* Base */ = {isa = PBXFileReference; lastKnownFileType = file.storyboard; name = Base; path = Base.lproj/LaunchScreen.storyboard; sourceTree = "<group>"; };
		2688E7641C5B0D0D007DD00A /* Info.plist */ = {isa = PBXFileReference; lastKnownFileType = text.plist.xml; path = Info.plist; sourceTree = "<group>"; };
/* End PBXFileReference section */

/* Begin PBXFrameworksBuildPhase section */
		2688E7521C5B0D0D007DD00A /* Frameworks */ = {
			isa = PBXFrameworksBuildPhase;
			buildActionMask = 2147483647;
			files = (
			);
			runOnlyForDeploymentPostprocessing = 0;
		};
/* End PBXFrameworksBuildPhase section */

/* Begin PBXGroup section */
		2688E74C1C5B0D0D007DD00A = {
			isa = PBXGroup;
			children = (
				2688E7571C5B0D0D007DD00A /* DemoContainerViewDynamicLoading */,
				2688E7561C5B0D0D007DD00A /* Products */,
			);
			sourceTree = "<group>";
		};
		2688E7561C5B0D0D007DD00A /* Products */ = {
			isa = PBXGroup;
			children = (
				2688E7551C5B0D0D007DD00A /* DemoContainerViewDynamicLoading.app */,
			);
			name = Products;
			sourceTree = "<group>";
		};
		2688E7571C5B0D0D007DD00A /* DemoContainerViewDynamicLoading */ = {
			isa = PBXGroup;
			children = (
				2688E7581C5B0D0D007DD00A /* AppDelegate.swift */,
				2688E75A1C5B0D0D007DD00A /* ViewController.swift */,
				2688E75C1C5B0D0D007DD00A /* Main.storyboard */,
				2688E75F1C5B0D0D007DD00A /* Assets.xcassets */,
				2688E7611C5B0D0D007DD00A /* LaunchScreen.storyboard */,
				2688E7641C5B0D0D007DD00A /* Info.plist */,
			);
			path = DemoContainerViewDynamicLoading;
			sourceTree = "<group>";
		};
/* End PBXGroup section */

/* Begin PBXNativeTarget section */
		2688E7541C5B0D0D007DD00A /* DemoContainerViewDynamicLoading */ = {
			isa = PBXNativeTarget;
			buildConfigurationList = 2688E7671C5B0D0D007DD00A /* Build configuration list for PBXNativeTarget "DemoContainerViewDynamicLoading" */;
			buildPhases = (
				2688E7511C5B0D0D007DD00A /* Sources */,
				2688E7521C5B0D0D007DD00A /* Frameworks */,
				2688E7531C5B0D0D007DD00A /* Resources */,
			);
			buildRules = (
			);
			dependencies = (
			);
			name = DemoContainerViewDynamicLoading;
			productName = DemoContainerViewDynamicLoading;
			productReference = 2688E7551C5B0D0D007DD00A /* DemoContainerViewDynamicLoading.app */;
			productType = "com.apple.product-type.application";
		};
/* End PBXNativeTarget section */

/* Begin PBXProject section */
		2688E74D1C5B0D0D007DD00A /* Project object */ = {
			isa = PBXProject;
			attributes = {
				LastSwiftUpdateCheck = 0720;
				LastUpgradeCheck = 0720;
				ORGANIZATIONNAME = "Ky Nguyen";
				TargetAttributes = {
					2688E7541C5B0D0D007DD00A = {
						CreatedOnToolsVersion = 7.2;
					};
				};
			};
			buildConfigurationList = 2688E7501C5B0D0D007DD00A /* Build configuration list for PBXProject "DemoContainerViewDynamicLoading" */;
			compatibilityVersion = "Xcode 3.2";
			developmentRegion = English;
			hasScannedForEncodings = 0;
			knownRegions = (
				en,
				Base,
			);
			mainGroup = 2688E74C1C5B0D0D007DD00A;
			productRefGroup = 2688E7561C5B0D0D007DD00A /* Products */;
			projectDirPath = "";
			projectRoot = "";
			targets = (
				2688E7541C5B0D0D007DD00A /* DemoContainerViewDynamicLoading */,
			);
		};
/* End PBXProject section */

/* Begin PBXResourcesBuildPhase section */
		2688E7531C5B0D0D007DD00A /* Resources */ = {
			isa = PBXResourcesBuildPhase;
			buildActionMask = 2147483647;
			files = (
				2688E7631C5B0D0D007DD00A /* LaunchScreen.storyboard in Resources */,
				2688E7601C5B0D0D007DD00A /* Assets.xcassets in Resources */,
				2688E75E1C5B0D0D007DD00A /* Main.storyboard in Resources */,
			);
			runOnlyForDeploymentPostprocessing = 0;
		};
/* End PBXResourcesBuildPhase section */

/* Begin PBXSourcesBuildPhase section */
		2688E7511C5B0D0D007DD00A /* Sources */ = {
			isa = PBXSourcesBuildPhase;
			buildActionMask = 2147483647;
			files = (
				2688E75B1C5B0D0D007DD00A /* ViewController.swift in Sources */,
				2688E7591C5B0D0D007DD00A /* AppDelegate.swift in Sources */,
			);
			runOnlyForDeploymentPostprocessing = 0;
		};
/* End PBXSourcesBuildPhase section */

/* Begin PBXVariantGroup section */
		2688E75C1C5B0D0D007DD00A /* Main.storyboard */ = {
			isa = PBXVariantGroup;
			children = (
				2688E75D1C5B0D0D007DD00A /* Base */,
			);
			name = Main.storyboard;
			sourceTree = "<group>";
		};
		2688E7611C5B0D0D007DD00A /* LaunchScreen.storyboard */ = {
			isa = PBXVariantGroup;
			children = (
				2688E7621C5B0D0D007DD00A /* Base */,
			);
			name = LaunchScreen.storyboard;
			sourceTree = "<group>";
		};
/* End PBXVariantGroup section */

/* Begin XCBuildConfiguration section */
		2688E7651C5B0D0D007DD00A /* Debug */ = {
			isa = XCBuildConfiguration;
			buildSettings = {
				ALWAYS_SEARCH_USER_PATHS = NO;
				CLANG_CXX_LANGUAGE_STANDARD = "gnu++0x";
				CLANG_CXX_LIBRARY = "libc++";
				CLANG_ENABLE_MODULES = YES;
				CLANG_ENABLE_OBJC_ARC = YES;
				CLANG_WARN_BOOL_CONVERSION = YES;
				CLANG_WARN_CONSTANT_CONVERSION = YES;
				CLANG_WARN_DIRECT_OBJC_ISA_USAGE = YES_ERROR;
				CLANG_WARN_EMPTY_BODY = YES;
				CLANG_WARN_ENUM_CONVERSION = YES;
				CLANG_WARN_INT_CONVERSION = YES;
				CLANG_WARN_OBJC_ROOT_CLASS = YES_ERROR;
				CLANG_WARN_UNREACHABLE_CODE = YES;
				CLANG_WARN__DUPLICATE_METHOD_MATCH = YES;
				"CODE_SIGN_IDENTITY[sdk=iphoneos*]" = "iPhone Developer";
				COPY_PHASE_STRIP = NO;
				DEBUG_INFORMATION_FORMAT = dwarf;
				ENABLE_STRICT_OBJC_MSGSEND = YES;
				ENABLE_TESTABILITY = YES;
				GCC_C_LANGUAGE_STANDARD = gnu99;
				GCC_DYNAMIC_NO_PIC = NO;
				GCC_NO_COMMON_BLOCKS = YES;
				GCC_OPTIMIZATION_LEVEL = 0;
				GCC_PREPROCESSOR_DEFINITIONS = (
					"DEBUG=1",
					"$(inherited)",
				);
				GCC_WARN_64_TO_32_BIT_CONVERSION = YES;
				GCC_WARN_ABOUT_RETURN_TYPE = YES_ERROR;
				GCC_WARN_UNDECLARED_SELECTOR = YES;
				GCC_WARN_UNINITIALIZED_AUTOS = YES_AGGRESSIVE;
				GCC_WARN_UNUSED_FUNCTION = YES;
				GCC_WARN_UNUSED_VARIABLE = YES;
				IPHONEOS_DEPLOYMENT_TARGET = 9.2;
				MTL_ENABLE_DEBUG_INFO = YES;
				ONLY_ACTIVE_ARCH = YES;
				SDKROOT = iphoneos;
				SWIFT_OPTIMIZATION_LEVEL = "-Onone";
			};
			name = Debug;
		};
		2688E7661C5B0D0D007DD00A /* Release */ = {
			isa = XCBuildConfiguration;
			buildSettings = {
				ALWAYS_SEARCH_USER_PATHS = NO;
				CLANG_CXX_LANGUAGE_STANDARD = "gnu++0x";
				CLANG_CXX_LIBRARY = "libc++";
				CLANG_ENABLE_MODULES = YES;
				CLANG_ENABLE_OBJC_ARC = YES;
				CLANG_WARN_BOOL_CONVERSION = YES;
				CLANG_WARN_CONSTANT_CONVERSION = YES;
				CLANG_WARN_DIRECT_OBJC_ISA_USAGE = YES_ERROR;
				CLANG_WARN_EMPTY_BODY = YES;
				CLANG_WARN_ENUM_CONVERSION = YES;
				CLANG_WARN_INT_CONVERSION = YES;
				CLANG_WARN_OBJC_ROOT_CLASS = YES_ERROR;
				CLANG_WARN_UNREACHABLE_CODE = YES;
				CLANG_WARN__DUPLICATE_METHOD_MATCH = YES;
				"CODE_SIGN_IDENTITY[sdk=iphoneos*]" = "iPhone Developer";
				COPY_PHASE_STRIP = NO;
				DEBUG_INFORMATION_FORMAT = "dwarf-with-dsym";
				ENABLE_NS_ASSERTIONS = NO;
				ENABLE_STRICT_OBJC_MSGSEND = YES;
				GCC_C_LANGUAGE_STANDARD = gnu99;
				GCC_NO_COMMON_BLOCKS = YES;
				GCC_WARN_64_TO_32_BIT_CONVERSION = YES;
				GCC_WARN_ABOUT_RETURN_TYPE = YES_ERROR;
				GCC_WARN_UNDECLARED_SELECTOR = YES;
				GCC_WARN_UNINITIALIZED_AUTOS = YES_AGGRESSIVE;
				GCC_WARN_UNUSED_FUNCTION = YES;
				GCC_WARN_UNUSED_VARIABLE = YES;
				IPHONEOS_DEPLOYMENT_TARGET = 9.2;
				MTL_ENABLE_DEBUG_INFO = NO;
				SDKROOT = iphoneos;
				VALIDATE_PRODUCT = YES;
			};
			name = Release;
		};
		2688E7681C5B0D0D007DD00A /* Debug */ = {
			isa = XCBuildConfiguration;
			buildSettings = {
				ASSETCATALOG_COMPILER_APPICON_NAME = AppIcon;
				INFOPLIST_FILE = DemoContainerViewDynamicLoading/Info.plist;
				LD_RUNPATH_SEARCH_PATHS = "$(inherited) @executable_path/Frameworks";
				PRODUCT_BUNDLE_IDENTIFIER = phuot.DemoContainerViewDynamicLoading;
				PRODUCT_NAME = "$(TARGET_NAME)";
			};
			name = Debug;
		};
		2688E7691C5B0D0D007DD00A /* Release */ = {
			isa = XCBuildConfiguration;
			buildSettings = {
				ASSETCATALOG_COMPILER_APPICON_NAME = AppIcon;
				INFOPLIST_FILE = DemoContainerViewDynamicLoading/Info.plist;
				LD_RUNPATH_SEARCH_PATHS = "$(inherited) @executable_path/Frameworks";
				PRODUCT_BUNDLE_IDENTIFIER = phuot.DemoContainerViewDynamicLoading;
				PRODUCT_NAME = "$(TARGET_NAME)";
			};
			name = Release;
		};
/* End XCBuildConfiguration section */

/* Begin XCConfigurationList section */
		2688E7501C5B0D0D007DD00A /* Build configuration list for PBXProject "DemoContainerViewDynamicLoading" */ = {
			isa = XCConfigurationList;
			buildConfigurations = (
				2688E7651C5B0D0D007DD00A /* Debug */,
				2688E7661C5B0D0D007DD00A /* Release */,
			);
			defaultConfigurationIsVisible = 0;
			defaultConfigurationName = Release;
		};
		2688E7671C5B0D0D007DD00A /* Build configuration list for PBXNativeTarget "DemoContainerViewDynamicLoading" */ = {
			isa = XCConfigurationList;
			buildConfigurations = (
				2688E7681C5B0D0D007DD00A /* Debug */,
				2688E7691C5B0D0D007DD00A /* Release */,
			);
			defaultConfigurationIsVisible = 0;
		};
/* End XCConfigurationList section */
	};
	rootObject = 2688E74D1C5B0D0D007DD00A /* Project object */;
}
